// !$*UTF8*$!
{
	archiveVersion = 1;
	classes = {
	};
	objectVersion = 50;
	objects = {

/* Begin PBXBuildFile section */
		3F37F4812A9F132500A2B7C5 /* AppDelegate.swift in Sources */ = {isa = PBXBuildFile; fileRef = 3F37F4802A9F132500A2B7C5 /* AppDelegate.swift */; };
		3F37F4832A9F132500A2B7C5 /* ViewController.swift in Sources */ = {isa = PBXBuildFile; fileRef = 3F37F4822A9F132500A2B7C5 /* ViewController.swift */; };
		3F37F4862A9F132500A2B7C5 /* Main.storyboard in Resources */ = {isa = PBXBuildFile; fileRef = 3F37F4842A9F132500A2B7C5 /* Main.storyboard */; };
		3F37F4882A9F132700A2B7C5 /* Assets.xcassets in Resources */ = {isa = PBXBuildFile; fileRef = 3F37F4872A9F132700A2B7C5 /* Assets.xcassets */; };
		3F37F48B2A9F132700A2B7C5 /* LaunchScreen.storyboard in Resources */ = {isa = PBXBuildFile; fileRef = 3F37F4892A9F132700A2B7C5 /* LaunchScreen.storyboard */; };
		3F9A87822AF13FB800AE9D44 /* TableViewController.swift in Sources */ = {isa = PBXBuildFile; fileRef = 3F9A87812AF13FB800AE9D44 /* TableViewController.swift */; };
		3F9A87842AF142FF00AE9D44 /* CellTableViewCell.swift in Sources */ = {isa = PBXBuildFile; fileRef = 3F9A87832AF142FF00AE9D44 /* CellTableViewCell.swift */; };
		3FCB0A1E2AF213D1004DFF67 /* ViewController1.swift in Sources */ = {isa = PBXBuildFile; fileRef = 3FCB0A1D2AF213D1004DFF67 /* ViewController1.swift */; };
		3FCB0A202AF21477004DFF67 /* ViewController2.swift in Sources */ = {isa = PBXBuildFile; fileRef = 3FCB0A1F2AF21477004DFF67 /* ViewController2.swift */; };
		3FCB0A222AF22833004DFF67 /* ViewControllertrailer1.swift in Sources */ = {isa = PBXBuildFile; fileRef = 3FCB0A212AF22833004DFF67 /* ViewControllertrailer1.swift */; };
		3FCB0A242AF22CB4004DFF67 /* ViewControllertrailer2.swift in Sources */ = {isa = PBXBuildFile; fileRef = 3FCB0A232AF22CB4004DFF67 /* ViewControllertrailer2.swift */; };
		3FCB0A262AF22D7B004DFF67 /* ViewControllertrailer3.swift in Sources */ = {isa = PBXBuildFile; fileRef = 3FCB0A252AF22D7B004DFF67 /* ViewControllertrailer3.swift */; };
		3FCB0A282AF22DDF004DFF67 /* ViewControllertrailer4.swift in Sources */ = {isa = PBXBuildFile; fileRef = 3FCB0A272AF22DDF004DFF67 /* ViewControllertrailer4.swift */; };
		3FCB0A2A2AF22E61004DFF67 /* ViewControllertrailer5.swift in Sources */ = {isa = PBXBuildFile; fileRef = 3FCB0A292AF22E61004DFF67 /* ViewControllertrailer5.swift */; };
		3FCB0A2C2AF22EF9004DFF67 /* ViewControllertrailer6.swift in Sources */ = {isa = PBXBuildFile; fileRef = 3FCB0A2B2AF22EF9004DFF67 /* ViewControllertrailer6.swift */; };
		3FCB0A2E2AF23006004DFF67 /* ViewControllertrailr7.swift in Sources */ = {isa = PBXBuildFile; fileRef = 3FCB0A2D2AF23006004DFF67 /* ViewControllertrailr7.swift */; };
		3FCB0A302AF23052004DFF67 /* ViewControllertrailer8.swift in Sources */ = {isa = PBXBuildFile; fileRef = 3FCB0A2F2AF23052004DFF67 /* ViewControllertrailer8.swift */; };
		3FCB0A322AF23103004DFF67 /* ViewControllertrailer9.swift in Sources */ = {isa = PBXBuildFile; fileRef = 3FCB0A312AF23103004DFF67 /* ViewControllertrailer9.swift */; };
		3FCB0A342AF2315C004DFF67 /* ViewControllertrailer10.swift in Sources */ = {isa = PBXBuildFile; fileRef = 3FCB0A332AF2315C004DFF67 /* ViewControllertrailer10.swift */; };
		3FCB0A362AF23194004DFF67 /* ViewControllertrailer11.swift in Sources */ = {isa = PBXBuildFile; fileRef = 3FCB0A352AF23194004DFF67 /* ViewControllertrailer11.swift */; };
/* End PBXBuildFile section */

/* Begin PBXFileReference section */
		3F37F47D2A9F132500A2B7C5 /* Form1.app */ = {isa = PBXFileReference; explicitFileType = wrapper.application; includeInIndex = 0; path = Form1.app; sourceTree = BUILT_PRODUCTS_DIR; };
		3F37F4802A9F132500A2B7C5 /* AppDelegate.swift */ = {isa = PBXFileReference; lastKnownFileType = sourcecode.swift; path = AppDelegate.swift; sourceTree = "<group>"; };
		3F37F4822A9F132500A2B7C5 /* ViewController.swift */ = {isa = PBXFileReference; lastKnownFileType = sourcecode.swift; path = ViewController.swift; sourceTree = "<group>"; };
		3F37F4852A9F132500A2B7C5 /* Base */ = {isa = PBXFileReference; lastKnownFileType = file.storyboard; name = Base; path = Base.lproj/Main.storyboard; sourceTree = "<group>"; };
		3F37F4872A9F132700A2B7C5 /* Assets.xcassets */ = {isa = PBXFileReference; lastKnownFileType = folder.assetcatalog; path = Assets.xcassets; sourceTree = "<group>"; };
		3F37F48A2A9F132700A2B7C5 /* Base */ = {isa = PBXFileReference; lastKnownFileType = file.storyboard; name = Base; path = Base.lproj/LaunchScreen.storyboard; sourceTree = "<group>"; };
		3F37F48C2A9F132700A2B7C5 /* Info.plist */ = {isa = PBXFileReference; lastKnownFileType = text.plist.xml; path = Info.plist; sourceTree = "<group>"; };
		3F9A87812AF13FB800AE9D44 /* TableViewController.swift */ = {isa = PBXFileReference; lastKnownFileType = sourcecode.swift; path = TableViewController.swift; sourceTree = "<group>"; };
		3F9A87832AF142FF00AE9D44 /* CellTableViewCell.swift */ = {isa = PBXFileReference; lastKnownFileType = sourcecode.swift; path = CellTableViewCell.swift; sourceTree = "<group>"; };
		3FCB0A1D2AF213D1004DFF67 /* ViewController1.swift */ = {isa = PBXFileReference; lastKnownFileType = sourcecode.swift; path = ViewController1.swift; sourceTree = "<group>"; };
		3FCB0A1F2AF21477004DFF67 /* ViewController2.swift */ = {isa = PBXFileReference; lastKnownFileType = sourcecode.swift; path = ViewController2.swift; sourceTree = "<group>"; };
		3FCB0A212AF22833004DFF67 /* ViewControllertrailer1.swift */ = {isa = PBXFileReference; lastKnownFileType = sourcecode.swift; path = ViewControllertrailer1.swift; sourceTree = "<group>"; };
		3FCB0A232AF22CB4004DFF67 /* ViewControllertrailer2.swift */ = {isa = PBXFileReference; lastKnownFileType = sourcecode.swift; path = ViewControllertrailer2.swift; sourceTree = "<group>"; };
		3FCB0A252AF22D7B004DFF67 /* ViewControllertrailer3.swift */ = {isa = PBXFileReference; lastKnownFileType = sourcecode.swift; path = ViewControllertrailer3.swift; sourceTree = "<group>"; };
		3FCB0A272AF22DDF004DFF67 /* ViewControllertrailer4.swift */ = {isa = PBXFileReference; lastKnownFileType = sourcecode.swift; path = ViewControllertrailer4.swift; sourceTree = "<group>"; };
		3FCB0A292AF22E61004DFF67 /* ViewControllertrailer5.swift */ = {isa = PBXFileReference; lastKnownFileType = sourcecode.swift; path = ViewControllertrailer5.swift; sourceTree = "<group>"; };
		3FCB0A2B2AF22EF9004DFF67 /* ViewControllertrailer6.swift */ = {isa = PBXFileReference; lastKnownFileType = sourcecode.swift; path = ViewControllertrailer6.swift; sourceTree = "<group>"; };
		3FCB0A2D2AF23006004DFF67 /* ViewControllertrailr7.swift */ = {isa = PBXFileReference; lastKnownFileType = sourcecode.swift; path = ViewControllertrailr7.swift; sourceTree = "<group>"; };
		3FCB0A2F2AF23052004DFF67 /* ViewControllertrailer8.swift */ = {isa = PBXFileReference; lastKnownFileType = sourcecode.swift; path = ViewControllertrailer8.swift; sourceTree = "<group>"; };
		3FCB0A312AF23103004DFF67 /* ViewControllertrailer9.swift */ = {isa = PBXFileReference; lastKnownFileType = sourcecode.swift; path = ViewControllertrailer9.swift; sourceTree = "<group>"; };
		3FCB0A332AF2315C004DFF67 /* ViewControllertrailer10.swift */ = {isa = PBXFileReference; lastKnownFileType = sourcecode.swift; path = ViewControllertrailer10.swift; sourceTree = "<group>"; };
		3FCB0A352AF23194004DFF67 /* ViewControllertrailer11.swift */ = {isa = PBXFileReference; lastKnownFileType = sourcecode.swift; path = ViewControllertrailer11.swift; sourceTree = "<group>"; };
/* End PBXFileReference section */

/* Begin PBXFrameworksBuildPhase section */
		3F37F47A2A9F132500A2B7C5 /* Frameworks */ = {
			isa = PBXFrameworksBuildPhase;
			buildActionMask = 2147483647;
			files = (
			);
			runOnlyForDeploymentPostprocessing = 0;
		};
/* End PBXFrameworksBuildPhase section */

/* Begin PBXGroup section */
		3F37F4742A9F132500A2B7C5 = {
			isa = PBXGroup;
			children = (
				3F37F47F2A9F132500A2B7C5 /* Form1 */,
				3F37F47E2A9F132500A2B7C5 /* Products */,
			);
			sourceTree = "<group>";
		};
		3F37F47E2A9F132500A2B7C5 /* Products */ = {
			isa = PBXGroup;
			children = (
				3F37F47D2A9F132500A2B7C5 /* Form1.app */,
			);
			name = Products;
			sourceTree = "<group>";
		};
		3F37F47F2A9F132500A2B7C5 /* Form1 */ = {
			isa = PBXGroup;
			children = (
				3F37F4802A9F132500A2B7C5 /* AppDelegate.swift */,
				3F37F4822A9F132500A2B7C5 /* ViewController.swift */,
				3F37F4842A9F132500A2B7C5 /* Main.storyboard */,
				3FCB0A1F2AF21477004DFF67 /* ViewController2.swift */,
				3FCB0A1D2AF213D1004DFF67 /* ViewController1.swift */,
				3F37F4872A9F132700A2B7C5 /* Assets.xcassets */,
				3F37F4892A9F132700A2B7C5 /* LaunchScreen.storyboard */,
				3F9A87832AF142FF00AE9D44 /* CellTableViewCell.swift */,
				3F37F48C2A9F132700A2B7C5 /* Info.plist */,
				3F9A87812AF13FB800AE9D44 /* TableViewController.swift */,
				3FCB0A212AF22833004DFF67 /* ViewControllertrailer1.swift */,
				3FCB0A232AF22CB4004DFF67 /* ViewControllertrailer2.swift */,
				3FCB0A252AF22D7B004DFF67 /* ViewControllertrailer3.swift */,
				3FCB0A272AF22DDF004DFF67 /* ViewControllertrailer4.swift */,
				3FCB0A292AF22E61004DFF67 /* ViewControllertrailer5.swift */,
				3FCB0A2B2AF22EF9004DFF67 /* ViewControllertrailer6.swift */,
				3FCB0A2D2AF23006004DFF67 /* ViewControllertrailr7.swift */,
				3FCB0A2F2AF23052004DFF67 /* ViewControllertrailer8.swift */,
				3FCB0A312AF23103004DFF67 /* ViewControllertrailer9.swift */,
				3FCB0A332AF2315C004DFF67 /* ViewControllertrailer10.swift */,
				3FCB0A352AF23194004DFF67 /* ViewControllertrailer11.swift */,
			);
			path = Form1;
			sourceTree = "<group>";
		};
/* End PBXGroup section */

/* Begin PBXNativeTarget section */
		3F37F47C2A9F132500A2B7C5 /* Form1 */ = {
			isa = PBXNativeTarget;
			buildConfigurationList = 3F37F48F2A9F132700A2B7C5 /* Build configuration list for PBXNativeTarget "Form1" */;
			buildPhases = (
				3F37F4792A9F132500A2B7C5 /* Sources */,
				3F37F47A2A9F132500A2B7C5 /* Frameworks */,
				3F37F47B2A9F132500A2B7C5 /* Resources */,
			);
			buildRules = (
			);
			dependencies = (
			);
			name = Form1;
			productName = Form1;
			productReference = 3F37F47D2A9F132500A2B7C5 /* Form1.app */;
			productType = "com.apple.product-type.application";
		};
/* End PBXNativeTarget section */

/* Begin PBXProject section */
		3F37F4752A9F132500A2B7C5 /* Project object */ = {
			isa = PBXProject;
			attributes = {
				LastSwiftUpdateCheck = 1010;
				LastUpgradeCheck = 1010;
				ORGANIZATIONNAME = Student;
				TargetAttributes = {
					3F37F47C2A9F132500A2B7C5 = {
						CreatedOnToolsVersion = 10.1;
					};
				};
			};
			buildConfigurationList = 3F37F4782A9F132500A2B7C5 /* Build configuration list for PBXProject "Form1" */;
			compatibilityVersion = "Xcode 9.3";
			developmentRegion = en;
			hasScannedForEncodings = 0;
			knownRegions = (
				en,
				Base,
			);
			mainGroup = 3F37F4742A9F132500A2B7C5;
			productRefGroup = 3F37F47E2A9F132500A2B7C5 /* Products */;
			projectDirPath = "";
			projectRoot = "";
			targets = (
				3F37F47C2A9F132500A2B7C5 /* Form1 */,
			);
		};
/* End PBXProject section */

/* Begin PBXResourcesBuildPhase section */
		3F37F47B2A9F132500A2B7C5 /* Resources */ = {
			isa = PBXResourcesBuildPhase;
			buildActionMask = 2147483647;
			files = (
				3F37F48B2A9F132700A2B7C5 /* LaunchScreen.storyboard in Resources */,
				3F37F4882A9F132700A2B7C5 /* Assets.xcassets in Resources */,
				3F37F4862A9F132500A2B7C5 /* Main.storyboard in Resources */,
			);
			runOnlyForDeploymentPostprocessing = 0;
		};
/* End PBXResourcesBuildPhase section */

/* Begin PBXSourcesBuildPhase section */
		3F37F4792A9F132500A2B7C5 /* Sources */ = {
			isa = PBXSourcesBuildPhase;
			buildActionMask = 2147483647;
			files = (
				3F37F4832A9F132500A2B7C5 /* ViewController.swift in Sources */,
				3FCB0A1E2AF213D1004DFF67 /* ViewController1.swift in Sources */,
				3FCB0A2E2AF23006004DFF67 /* ViewControllertrailr7.swift in Sources */,
				3FCB0A262AF22D7B004DFF67 /* ViewControllertrailer3.swift in Sources */,
				3FCB0A2C2AF22EF9004DFF67 /* ViewControllertrailer6.swift in Sources */,
				3FCB0A362AF23194004DFF67 /* ViewControllertrailer11.swift in Sources */,
				3FCB0A282AF22DDF004DFF67 /* ViewControllertrailer4.swift in Sources */,
				3F9A87842AF142FF00AE9D44 /* CellTableViewCell.swift in Sources */,
				3FCB0A302AF23052004DFF67 /* ViewControllertrailer8.swift in Sources */,
				3FCB0A242AF22CB4004DFF67 /* ViewControllertrailer2.swift in Sources */,
				3FCB0A322AF23103004DFF67 /* ViewControllertrailer9.swift in Sources */,
				3F9A87822AF13FB800AE9D44 /* TableViewController.swift in Sources */,
				3FCB0A342AF2315C004DFF67 /* ViewControllertrailer10.swift in Sources */,
				3F37F4812A9F132500A2B7C5 /* AppDelegate.swift in Sources */,
				3FCB0A2A2AF22E61004DFF67 /* ViewControllertrailer5.swift in Sources */,
				3FCB0A222AF22833004DFF67 /* ViewControllertrailer1.swift in Sources */,
				3FCB0A202AF21477004DFF67 /* ViewController2.swift in Sources */,
			);
			runOnlyForDeploymentPostprocessing = 0;
		};
/* End PBXSourcesBuildPhase section */

/* Begin PBXVariantGroup section */
		3F37F4842A9F132500A2B7C5 /* Main.storyboard */ = {
			isa = PBXVariantGroup;
			children = (
				3F37F4852A9F132500A2B7C5 /* Base */,
			);
			name = Main.storyboard;
			sourceTree = "<group>";
		};
		3F37F4892A9F132700A2B7C5 /* LaunchScreen.storyboard */ = {
			isa = PBXVariantGroup;
			children = (
				3F37F48A2A9F132700A2B7C5 /* Base */,
			);
			name = LaunchScreen.storyboard;
			sourceTree = "<group>";
		};
/* End PBXVariantGroup section */

/* Begin XCBuildConfiguration section */
		3F37F48D2A9F132700A2B7C5 /* Debug */ = {
			isa = XCBuildConfiguration;
			buildSettings = {
				ALWAYS_SEARCH_USER_PATHS = NO;
				CLANG_ANALYZER_NONNULL = YES;
				CLANG_ANALYZER_NUMBER_OBJECT_CONVERSION = YES_AGGRESSIVE;
				CLANG_CXX_LANGUAGE_STANDARD = "gnu++14";
				CLANG_CXX_LIBRARY = "libc++";
				CLANG_ENABLE_MODULES = YES;
				CLANG_ENABLE_OBJC_ARC = YES;
				CLANG_ENABLE_OBJC_WEAK = YES;
				CLANG_WARN_BLOCK_CAPTURE_AUTORELEASING = YES;
				CLANG_WARN_BOOL_CONVERSION = YES;
				CLANG_WARN_COMMA = YES;
				CLANG_WARN_CONSTANT_CONVERSION = YES;
				CLANG_WARN_DEPRECATED_OBJC_IMPLEMENTATIONS = YES;
				CLANG_WARN_DIRECT_OBJC_ISA_USAGE = YES_ERROR;
				CLANG_WARN_DOCUMENTATION_COMMENTS = YES;
				CLANG_WARN_EMPTY_BODY = YES;
				CLANG_WARN_ENUM_CONVERSION = YES;
				CLANG_WARN_INFINITE_RECURSION = YES;
				CLANG_WARN_INT_CONVERSION = YES;
				CLANG_WARN_NON_LITERAL_NULL_CONVERSION = YES;
				CLANG_WARN_OBJC_IMPLICIT_RETAIN_SELF = YES;
				CLANG_WARN_OBJC_LITERAL_CONVERSION = YES;
				CLANG_WARN_OBJC_ROOT_CLASS = YES_ERROR;
				CLANG_WARN_RANGE_LOOP_ANALYSIS = YES;
				CLANG_WARN_STRICT_PROTOTYPES = YES;
				CLANG_WARN_SUSPICIOUS_MOVE = YES;
				CLANG_WARN_UNGUARDED_AVAILABILITY = YES_AGGRESSIVE;
				CLANG_WARN_UNREACHABLE_CODE = YES;
				CLANG_WARN__DUPLICATE_METHOD_MATCH = YES;
				CODE_SIGN_IDENTITY = "iPhone Developer";
				COPY_PHASE_STRIP = NO;
				DEBUG_INFORMATION_FORMAT = dwarf;
				ENABLE_STRICT_OBJC_MSGSEND = YES;
				ENABLE_TESTABILITY = YES;
				GCC_C_LANGUAGE_STANDARD = gnu11;
				GCC_DYNAMIC_NO_PIC = NO;
				GCC_NO_COMMON_BLOCKS = YES;
				GCC_OPTIMIZATION_LEVEL = 0;
				GCC_PREPROCESSOR_DEFINITIONS = (
					"DEBUG=1",
					"$(inherited)",
				);
				GCC_WARN_64_TO_32_BIT_CONVERSION = YES;
				GCC_WARN_ABOUT_RETURN_TYPE = YES_ERROR;
				GCC_WARN_UNDECLARED_SELECTOR = YES;
				GCC_WARN_UNINITIALIZED_AUTOS = YES_AGGRESSIVE;
				GCC_WARN_UNUSED_FUNCTION = YES;
				GCC_WARN_UNUSED_VARIABLE = YES;
				IPHONEOS_DEPLOYMENT_TARGET = 12.1;
				MTL_ENABLE_DEBUG_INFO = INCLUDE_SOURCE;
				MTL_FAST_MATH = YES;
				ONLY_ACTIVE_ARCH = YES;
				SDKROOT = iphoneos;
				SWIFT_ACTIVE_COMPILATION_CONDITIONS = DEBUG;
				SWIFT_OPTIMIZATION_LEVEL = "-Onone";
			};
			name = Debug;
		};
		3F37F48E2A9F132700A2B7C5 /* Release */ = {
			isa = XCBuildConfiguration;
			buildSettings = {
				ALWAYS_SEARCH_USER_PATHS = NO;
				CLANG_ANALYZER_NONNULL = YES;
				CLANG_ANALYZER_NUMBER_OBJECT_CONVERSION = YES_AGGRESSIVE;
				CLANG_CXX_LANGUAGE_STANDARD = "gnu++14";
				CLANG_CXX_LIBRARY = "libc++";
				CLANG_ENABLE_MODULES = YES;
				CLANG_ENABLE_OBJC_ARC = YES;
				CLANG_ENABLE_OBJC_WEAK = YES;
				CLANG_WARN_BLOCK_CAPTURE_AUTORELEASING = YES;
				CLANG_WARN_BOOL_CONVERSION = YES;
				CLANG_WARN_COMMA = YES;
				CLANG_WARN_CONSTANT_CONVERSION = YES;
				CLANG_WARN_DEPRECATED_OBJC_IMPLEMENTATIONS = YES;
				CLANG_WARN_DIRECT_OBJC_ISA_USAGE = YES_ERROR;
				CLANG_WARN_DOCUMENTATION_COMMENTS = YES;
				CLANG_WARN_EMPTY_BODY = YES;
				CLANG_WARN_ENUM_CONVERSION = YES;
				CLANG_WARN_INFINITE_RECURSION = YES;
				CLANG_WARN_INT_CONVERSION = YES;
				CLANG_WARN_NON_LITERAL_NULL_CONVERSION = YES;
				CLANG_WARN_OBJC_IMPLICIT_RETAIN_SELF = YES;
				CLANG_WARN_OBJC_LITERAL_CONVERSION = YES;
				CLANG_WARN_OBJC_ROOT_CLASS = YES_ERROR;
				CLANG_WARN_RANGE_LOOP_ANALYSIS = YES;
				CLANG_WARN_STRICT_PROTOTYPES = YES;
				CLANG_WARN_SUSPICIOUS_MOVE = YES;
				CLANG_WARN_UNGUARDED_AVAILABILITY = YES_AGGRESSIVE;
				CLANG_WARN_UNREACHABLE_CODE = YES;
				CLANG_WARN__DUPLICATE_METHOD_MATCH = YES;
				CODE_SIGN_IDENTITY = "iPhone Developer";
				COPY_PHASE_STRIP = NO;
				DEBUG_INFORMATION_FORMAT = "dwarf-with-dsym";
				ENABLE_NS_ASSERTIONS = NO;
				ENABLE_STRICT_OBJC_MSGSEND = YES;
				GCC_C_LANGUAGE_STANDARD = gnu11;
				GCC_NO_COMMON_BLOCKS = YES;
				GCC_WARN_64_TO_32_BIT_CONVERSION = YES;
				GCC_WARN_ABOUT_RETURN_TYPE = YES_ERROR;
				GCC_WARN_UNDECLARED_SELECTOR = YES;
				GCC_WARN_UNINITIALIZED_AUTOS = YES_AGGRESSIVE;
				GCC_WARN_UNUSED_FUNCTION = YES;
				GCC_WARN_UNUSED_VARIABLE = YES;
				IPHONEOS_DEPLOYMENT_TARGET = 12.1;
				MTL_ENABLE_DEBUG_INFO = NO;
				MTL_FAST_MATH = YES;
				SDKROOT = iphoneos;
				SWIFT_COMPILATION_MODE = wholemodule;
				SWIFT_OPTIMIZATION_LEVEL = "-O";
				VALIDATE_PRODUCT = YES;
			};
			name = Release;
		};
		3F37F4902A9F132700A2B7C5 /* Debug */ = {
			isa = XCBuildConfiguration;
			buildSettings = {
				ASSETCATALOG_COMPILER_APPICON_NAME = AppIcon;
				CODE_SIGN_STYLE = Automatic;
				INFOPLIST_FILE = Form1/Info.plist;
				LD_RUNPATH_SEARCH_PATHS = (
					"$(inherited)",
					"@executable_path/Frameworks",
				);
				PRODUCT_BUNDLE_IDENTIFIER = com.lpu.in.Form1;
				PRODUCT_NAME = "$(TARGET_NAME)";
				SWIFT_VERSION = 4.2;
				TARGETED_DEVICE_FAMILY = "1,2";
			};
			name = Debug;
		};
		3F37F4912A9F132700A2B7C5 /* Release */ = {
			isa = XCBuildConfiguration;
			buildSettings = {
				ASSETCATALOG_COMPILER_APPICON_NAME = AppIcon;
				CODE_SIGN_STYLE = Automatic;
				INFOPLIST_FILE = Form1/Info.plist;
				LD_RUNPATH_SEARCH_PATHS = (
					"$(inherited)",
					"@executable_path/Frameworks",
				);
				PRODUCT_BUNDLE_IDENTIFIER = com.lpu.in.Form1;
				PRODUCT_NAME = "$(TARGET_NAME)";
				SWIFT_VERSION = 4.2;
				TARGETED_DEVICE_FAMILY = "1,2";
			};
			name = Release;
		};
/* End XCBuildConfiguration section */

/* Begin XCConfigurationList section */
		3F37F4782A9F132500A2B7C5 /* Build configuration list for PBXProject "Form1" */ = {
			isa = XCConfigurationList;
			buildConfigurations = (
				3F37F48D2A9F132700A2B7C5 /* Debug */,
				3F37F48E2A9F132700A2B7C5 /* Release */,
			);
			defaultConfigurationIsVisible = 0;
			defaultConfigurationName = Release;
		};
		3F37F48F2A9F132700A2B7C5 /* Build configuration list for PBXNativeTarget "Form1" */ = {
			isa = XCConfigurationList;
			buildConfigurations = (
				3F37F4902A9F132700A2B7C5 /* Debug */,
				3F37F4912A9F132700A2B7C5 /* Release */,
			);
			defaultConfigurationIsVisible = 0;
			defaultConfigurationName = Release;
		};
/* End XCConfigurationList section */
	};
	rootObject = 3F37F4752A9F132500A2B7C5 /* Project object */;
}
